
Microsoft Visual Studio Solution File, Format Version 12.00
# Visual Studio 14
VisualStudioVersion = 14.0.25420.1
MinimumVisualStudioVersion = 10.0.40219.1
Project("{F184B08F-C81C-45F6-A57F-5ABD9991F28F}") = "WESClass", "WESClass\WESClass.vbproj", "{54011365-5D5E-46AB-B4E9-0532664FD147}"
EndProject
Project("{FAE04EC0-301F-11D3-BF4B-00C04F79EFBC}") = "PetaPOCO", "PetaPOCO\PetaPOCO.csproj", "{DA018E39-8815-4553-9B53-0B36BCFC92EB}"
EndProject
Project("{F184B08F-C81C-45F6-A57F-5ABD9991F28F}") = "WES", "WES\WES.vbproj", "{CC4C7253-8711-408E-839B-24B9A7EF6E83}"
EndProject
Global
	GlobalSection(SolutionConfigurationPlatforms) = preSolution
		Debug|Any CPU = Debug|Any CPU
		Release|Any CPU = Release|Any CPU
	EndGlobalSection
	GlobalSection(ProjectConfigurationPlatforms) = postSolution
		{54011365-5D5E-46AB-B4E9-0532664FD147}.Debug|Any CPU.ActiveCfg = Debug|Any CPU
		{54011365-5D5E-46AB-B4E9-0532664FD147}.Debug|Any CPU.Build.0 = Debug|Any CPU
		{54011365-5D5E-46AB-B4E9-0532664FD147}.Release|Any CPU.ActiveCfg = Release|Any CPU
		{54011365-5D5E-46AB-B4E9-0532664FD147}.Release|Any CPU.Build.0 = Release|Any CPU
		{DA018E39-8815-4553-9B53-0B36BCFC92EB}.Debug|Any CPU.ActiveCfg = Debug|Any CPU
		{DA018E39-8815-4553-9B53-0B36BCFC92EB}.Debug|Any CPU.Build.0 = Debug|Any CPU
		{DA018E39-8815-4553-9B53-0B36BCFC92EB}.Release|Any CPU.ActiveCfg = Release|Any CPU
		{DA018E39-8815-4553-9B53-0B36BCFC92EB}.Release|Any CPU.Build.0 = Release|Any CPU
		{CC4C7253-8711-408E-839B-24B9A7EF6E83}.Debug|Any CPU.ActiveCfg = Debug|Any CPU
		{CC4C7253-8711-408E-839B-24B9A7EF6E83}.Debug|Any CPU.Build.0 = Debug|Any CPU
		{CC4C7253-8711-408E-839B-24B9A7EF6E83}.Release|Any CPU.ActiveCfg = Release|Any CPU
		{CC4C7253-8711-408E-839B-24B9A7EF6E83}.Release|Any CPU.Build.0 = Release|Any CPU
	EndGlobalSection
	GlobalSection(SolutionProperties) = preSolution
		HideSolutionNode = FALSE
	EndGlobalSection
	GlobalSection(TeamFoundationVersionControl) = preSolution
		SccNumberOfProjects = 4
		SccEnterpriseProvider = {4CA58AB2-18FA-4F8D-95D4-32DDF27D184C}
		SccTeamFoundationServer = https://worldexercisesystem.visualstudio.com/
		SccLocalPath0 = .
		SccProjectUniqueName1 = PetaPOCO\\PetaPOCO.csproj
		SccProjectName1 = PetaPOCO
		SccLocalPath1 = PetaPOCO
		SccProjectUniqueName2 = WES\\WES.vbproj
		SccProjectName2 = WES
		SccLocalPath2 = WES
		SccProjectUniqueName3 = WESClass\\WESClass.vbproj
		SccProjectName3 = WESClass
		SccLocalPath3 = WESClass
	EndGlobalSection
EndGlobal
