
Microsoft Visual Studio Solution File, Format Version 12.00
# Visual Studio 2012
Project("{FAE04EC0-301F-11D3-BF4B-00C04F79EFBC}") = "PetaPOCO", "PetaPOCO.csproj", "{DA018E39-8815-4553-9B53-0B36BCFC92EB}"
EndProject
Global
	GlobalSection(TeamFoundationVersionControl) = preSolution
		SccNumberOfProjects = 1
		SccEnterpriseProvider = {4CA58AB2-18FA-4F8D-95D4-32DDF27D184C}
		SccTeamFoundationServer = https://alliancesafetycouncil.visualstudio.com/defaultcollection
		SccProjectUniqueName0 = PetaPOCO.csproj
		SccProjectName0 = .
		SccAuxPath0 = https://alliancesafetycouncil.visualstudio.com/defaultcollection
		SccLocalPath0 = .
		SccProvider0 = {4CA58AB2-18FA-4F8D-95D4-32DDF27D184C}
	EndGlobalSection
	GlobalSection(SolutionConfigurationPlatforms) = preSolution
		Debug|Any CPU = Debug|Any CPU
		Release|Any CPU = Release|Any CPU
	EndGlobalSection
	GlobalSection(ProjectConfigurationPlatforms) = postSolution
		{DA018E39-8815-4553-9B53-0B36BCFC92EB}.Debug|Any CPU.ActiveCfg = Debug|Any CPU
		{DA018E39-8815-4553-9B53-0B36BCFC92EB}.Debug|Any CPU.Build.0 = Debug|Any CPU
		{DA018E39-8815-4553-9B53-0B36BCFC92EB}.Release|Any CPU.ActiveCfg = Release|Any CPU
		{DA018E39-8815-4553-9B53-0B36BCFC92EB}.Release|Any CPU.Build.0 = Release|Any CPU
	EndGlobalSection
	GlobalSection(SolutionProperties) = preSolution
		HideSolutionNode = FALSE
	EndGlobalSection
EndGlobal
